
Microsoft Visual Studio Solution File, Format Version 12.00
# Visual Studio 15
VisualStudioVersion = 15.0.26730.12
MinimumVisualStudioVersion = 10.0.40219.1
Project("{FAE04EC0-301F-11D3-BF4B-00C04F79EFBC}") = "Vidly", "Vidly\Vidly.csproj", "{277243EB-40A0-4586-8C1A-31FE7C885372}"
EndProject
Global
	GlobalSection(SolutionConfigurationPlatforms) = preSolution
		Debug|Any CPU = Debug|Any CPU
		Release|Any CPU = Release|Any CPU
	EndGlobalSection
	GlobalSection(ProjectConfigurationPlatforms) = postSolution
		{277243EB-40A0-4586-8C1A-31FE7C885372}.Debug|Any CPU.ActiveCfg = Debug|Any CPU
		{277243EB-40A0-4586-8C1A-31FE7C885372}.Debug|Any CPU.Build.0 = Debug|Any CPU
		{277243EB-40A0-4586-8C1A-31FE7C885372}.Release|Any CPU.ActiveCfg = Release|Any CPU
		{277243EB-40A0-4586-8C1A-31FE7C885372}.Release|Any CPU.Build.0 = Release|Any CPU
	EndGlobalSection
	GlobalSection(SolutionProperties) = preSolution
		HideSolutionNode = FALSE
	EndGlobalSection
	GlobalSection(ExtensibilityGlobals) = postSolution
		SolutionGuid = {2D04B36A-F78D-40DD-A5D3-2B972D2D5D2B}
	EndGlobalSection
EndGlobal
